
Microsoft Visual Studio Solution File, Format Version 12.00
# Visual Studio Version 16
VisualStudioVersion = 16.0.30413.136
MinimumVisualStudioVersion = 10.0.40219.1
Project("{9A19103F-16F7-4668-BE54-9A1E7A4F7556}") = "JsonDeserialisation", "JsonDeserialisation\JsonDeserialisation.csproj", "{1966F5CB-1598-4A4B-A7C2-334C7627DBBF}"
EndProject
Project("{9A19103F-16F7-4668-BE54-9A1E7A4F7556}") = "AzureIoTHubDeviceClient", "AzureIoTHubDeviceClient\AzureIoTHubDeviceClient.csproj", "{27F247C8-0CA8-44F4-9F74-A2EF447CD03D}"
EndProject
Project("{9A19103F-16F7-4668-BE54-9A1E7A4F7556}") = "AzureDeviceProvisioningServiceClient", "AzureDeviceProvisioningServiceClient\AzureDeviceProvisioningServiceClient.csproj", "{C692C658-D424-461D-A1A0-CED23CCDA1D9}"
EndProject
Project("{9A19103F-16F7-4668-BE54-9A1E7A4F7556}") = "UplinkMessageGenerator", "UplinkMessageGenerator\UplinkMessageGenerator.csproj", "{FD9131D4-CA26-4A9F-B2F5-F85CDDE37151}"
EndProject
Project("{9A19103F-16F7-4668-BE54-9A1E7A4F7556}") = "AzureStorageQueueProcessorLog4Net", "AzureStorageQueueProcessorLog4Net\AzureStorageQueueProcessorLog4Net.csproj", "{823204AF-E176-4232-88EB-D6F868EA70CD}"
EndProject
Project("{9A19103F-16F7-4668-BE54-9A1E7A4F7556}") = "AzureStorageQueueProcessorApplicationInsights", "AzureStorageQueueProcessorApplicationInsights\AzureStorageQueueProcessorApplicationInsights.csproj", "{B35F21A0-70EF-4435-8C6F-B1DC070C8E93}"
EndProject
Project("{9A19103F-16F7-4668-BE54-9A1E7A4F7556}") = "AzureStorageQueueProcessorLogger", "AzureStorageQueueProcessorLogger\AzureStorageQueueProcessorLogger.csproj", "{96B389EA-9CBB-4DBA-8A96-55B5366C9ADF}"
EndProject
Project("{9A19103F-16F7-4668-BE54-9A1E7A4F7556}") = "HttpIntegrationUplinkFunction", "HttpIntegrationUplinkFunction\HttpIntegrationUplinkFunction.csproj", "{5513031A-89E8-419B-A66B-723A803DD95D}"
EndProject
Project("{9A19103F-16F7-4668-BE54-9A1E7A4F7556}") = "HttpIntegrationUplinkHttp", "HttpIntegrationUplinkHttp\HttpIntegrationUplinkHttp.csproj", "{63D085C4-169B-4815-9586-CB77A216A111}"
EndProject
Project("{2150E333-8FDC-42A3-9474-1A3956D46DE8}") = "SeeeduinoLoRaWANOTAA", "SeeeduinoLoRaWANOTAA", "{1FDE0FE5-F6BA-48BA-BF0B-8F795285A4C1}"
	ProjectSection(SolutionItems) = preProject
		SeeeduinoLoRaWANOTAA\SeeeduinoLoRaWANOTAA.ino = SeeeduinoLoRaWANOTAA\SeeeduinoLoRaWANOTAA.ino
	EndProjectSection
EndProject
Project("{2150E333-8FDC-42A3-9474-1A3956D46DE8}") = "SeeeduinoLoRaWANCayenneLPP", "SeeeduinoLoRaWANCayenneLPP", "{6185D6DF-2E82-42E5-8FA7-88D720A908FD}"
	ProjectSection(SolutionItems) = preProject
		SeeeduinoLoRaWANCayenneLPP\SeeeduinoLoRaWANCayenneLPP.ino = SeeeduinoLoRaWANCayenneLPP\SeeeduinoLoRaWANCayenneLPP.ino
	EndProjectSection
EndProject
Project("{2150E333-8FDC-42A3-9474-1A3956D46DE8}") = "SamplePayloads", "SamplePayloads", "{17B6CDE3-3FC5-4A82-B779-C1C86AED2EAE}"
	ProjectSection(SolutionItems) = preProject
		SamplePayloads\AnalogAndDigital.json = SamplePayloads\AnalogAndDigital.json
		SamplePayloads\BarometricPressureRelativeHumidityTemperature.json = SamplePayloads\BarometricPressureRelativeHumidityTemperature.json
		SamplePayloads\GPS.json = SamplePayloads\GPS.json
		SamplePayloads\GPSAccelerometerGyrometer.json = SamplePayloads\GPSAccelerometerGyrometer.json
		SamplePayloads\IMU.json = SamplePayloads\IMU.json
		SamplePayloads\LuminosityPresence.json = SamplePayloads\LuminosityPresence.json
		SamplePayloads\PayloadWithAllFieldTypes.json = SamplePayloads\PayloadWithAllFieldTypes.json
	EndProjectSection
EndProject
Project("{9A19103F-16F7-4668-BE54-9A1E7A4F7556}") = "AzureIoTHubUplinkMessageProcessor", "AzureIoTHubUplinkMessageProcessor\AzureIoTHubUplinkMessageProcessor.csproj", "{55681E71-C8AF-4845-873C-8B272844A0B7}"
EndProject
Global
	GlobalSection(SolutionConfigurationPlatforms) = preSolution
		Debug|Any CPU = Debug|Any CPU
		Release|Any CPU = Release|Any CPU
	EndGlobalSection
	GlobalSection(ProjectConfigurationPlatforms) = postSolution
		{1966F5CB-1598-4A4B-A7C2-334C7627DBBF}.Debug|Any CPU.ActiveCfg = Debug|Any CPU
		{1966F5CB-1598-4A4B-A7C2-334C7627DBBF}.Debug|Any CPU.Build.0 = Debug|Any CPU
		{1966F5CB-1598-4A4B-A7C2-334C7627DBBF}.Release|Any CPU.ActiveCfg = Release|Any CPU
		{1966F5CB-1598-4A4B-A7C2-334C7627DBBF}.Release|Any CPU.Build.0 = Release|Any CPU
		{27F247C8-0CA8-44F4-9F74-A2EF447CD03D}.Debug|Any CPU.ActiveCfg = Debug|Any CPU
		{27F247C8-0CA8-44F4-9F74-A2EF447CD03D}.Debug|Any CPU.Build.0 = Debug|Any CPU
		{27F247C8-0CA8-44F4-9F74-A2EF447CD03D}.Release|Any CPU.ActiveCfg = Release|Any CPU
		{27F247C8-0CA8-44F4-9F74-A2EF447CD03D}.Release|Any CPU.Build.0 = Release|Any CPU
		{C692C658-D424-461D-A1A0-CED23CCDA1D9}.Debug|Any CPU.ActiveCfg = Debug|Any CPU
		{C692C658-D424-461D-A1A0-CED23CCDA1D9}.Debug|Any CPU.Build.0 = Debug|Any CPU
		{C692C658-D424-461D-A1A0-CED23CCDA1D9}.Release|Any CPU.ActiveCfg = Release|Any CPU
		{C692C658-D424-461D-A1A0-CED23CCDA1D9}.Release|Any CPU.Build.0 = Release|Any CPU
		{FD9131D4-CA26-4A9F-B2F5-F85CDDE37151}.Debug|Any CPU.ActiveCfg = Debug|Any CPU
		{FD9131D4-CA26-4A9F-B2F5-F85CDDE37151}.Debug|Any CPU.Build.0 = Debug|Any CPU
		{FD9131D4-CA26-4A9F-B2F5-F85CDDE37151}.Release|Any CPU.ActiveCfg = Release|Any CPU
		{FD9131D4-CA26-4A9F-B2F5-F85CDDE37151}.Release|Any CPU.Build.0 = Release|Any CPU
		{823204AF-E176-4232-88EB-D6F868EA70CD}.Debug|Any CPU.ActiveCfg = Debug|Any CPU
		{823204AF-E176-4232-88EB-D6F868EA70CD}.Debug|Any CPU.Build.0 = Debug|Any CPU
		{823204AF-E176-4232-88EB-D6F868EA70CD}.Release|Any CPU.ActiveCfg = Release|Any CPU
		{823204AF-E176-4232-88EB-D6F868EA70CD}.Release|Any CPU.Build.0 = Release|Any CPU
		{B35F21A0-70EF-4435-8C6F-B1DC070C8E93}.Debug|Any CPU.ActiveCfg = Debug|Any CPU
		{B35F21A0-70EF-4435-8C6F-B1DC070C8E93}.Debug|Any CPU.Build.0 = Debug|Any CPU
		{B35F21A0-70EF-4435-8C6F-B1DC070C8E93}.Release|Any CPU.ActiveCfg = Release|Any CPU
		{B35F21A0-70EF-4435-8C6F-B1DC070C8E93}.Release|Any CPU.Build.0 = Release|Any CPU
		{96B389EA-9CBB-4DBA-8A96-55B5366C9ADF}.Debug|Any CPU.ActiveCfg = Debug|Any CPU
		{96B389EA-9CBB-4DBA-8A96-55B5366C9ADF}.Debug|Any CPU.Build.0 = Debug|Any CPU
		{96B389EA-9CBB-4DBA-8A96-55B5366C9ADF}.Release|Any CPU.ActiveCfg = Release|Any CPU
		{96B389EA-9CBB-4DBA-8A96-55B5366C9ADF}.Release|Any CPU.Build.0 = Release|Any CPU
		{5513031A-89E8-419B-A66B-723A803DD95D}.Debug|Any CPU.ActiveCfg = Debug|Any CPU
		{5513031A-89E8-419B-A66B-723A803DD95D}.Debug|Any CPU.Build.0 = Debug|Any CPU
		{5513031A-89E8-419B-A66B-723A803DD95D}.Release|Any CPU.ActiveCfg = Release|Any CPU
		{5513031A-89E8-419B-A66B-723A803DD95D}.Release|Any CPU.Build.0 = Release|Any CPU
		{63D085C4-169B-4815-9586-CB77A216A111}.Debug|Any CPU.ActiveCfg = Debug|Any CPU
		{63D085C4-169B-4815-9586-CB77A216A111}.Debug|Any CPU.Build.0 = Debug|Any CPU
		{63D085C4-169B-4815-9586-CB77A216A111}.Release|Any CPU.ActiveCfg = Release|Any CPU
		{63D085C4-169B-4815-9586-CB77A216A111}.Release|Any CPU.Build.0 = Release|Any CPU
		{55681E71-C8AF-4845-873C-8B272844A0B7}.Debug|Any CPU.ActiveCfg = Debug|Any CPU
		{55681E71-C8AF-4845-873C-8B272844A0B7}.Debug|Any CPU.Build.0 = Debug|Any CPU
		{55681E71-C8AF-4845-873C-8B272844A0B7}.Release|Any CPU.ActiveCfg = Release|Any CPU
		{55681E71-C8AF-4845-873C-8B272844A0B7}.Release|Any CPU.Build.0 = Release|Any CPU
	EndGlobalSection
	GlobalSection(SolutionProperties) = preSolution
		HideSolutionNode = FALSE
	EndGlobalSection
	GlobalSection(ExtensibilityGlobals) = postSolution
		SolutionGuid = {41BC3FDB-0829-49E8-A2F0-9364AFD9E983}
	EndGlobalSection
EndGlobal
